
Microsoft Visual Studio Solution File, Format Version 12.00
# Visual Studio Version 17
VisualStudioVersion = 17.6.33723.286
MinimumVisualStudioVersion = 10.0.40219.1
Project("{FAE04EC0-301F-11D3-BF4B-00C04F79EFBC}") = "UEC_GUANABARA", "UEC_GUANABARA\UEC_GUANABARA.csproj", "{3EE7CBE9-82B7-40BC-922A-F877F8F2A322}"
EndProject
Global
	GlobalSection(SolutionConfigurationPlatforms) = preSolution
		Debug|Any CPU = Debug|Any CPU
		Release|Any CPU = Release|Any CPU
	EndGlobalSection
	GlobalSection(ProjectConfigurationPlatforms) = postSolution
		{3EE7CBE9-82B7-40BC-922A-F877F8F2A322}.Debug|Any CPU.ActiveCfg = Debug|Any CPU
		{3EE7CBE9-82B7-40BC-922A-F877F8F2A322}.Debug|Any CPU.Build.0 = Debug|Any CPU
		{3EE7CBE9-82B7-40BC-922A-F877F8F2A322}.Release|Any CPU.ActiveCfg = Release|Any CPU
		{3EE7CBE9-82B7-40BC-922A-F877F8F2A322}.Release|Any CPU.Build.0 = Release|Any CPU
	EndGlobalSection
	GlobalSection(SolutionProperties) = preSolution
		HideSolutionNode = FALSE
	EndGlobalSection
	GlobalSection(ExtensibilityGlobals) = postSolution
		SolutionGuid = {D4595D79-0A3C-458C-AAA5-63C1D78F0F23}
	EndGlobalSection
EndGlobal
